PODS:
  - Alamofire (5.4.3)
  - Realm (10.7.7):
    - Realm/Headers (= 10.7.7)
  - Realm/Headers (10.7.7)
  - RealmSwift (10.7.7):
    - Realm (= 10.7.7)
  - SDWebImage (5.11.1):
    - SDWebImage/Core (= 5.11.1)
  - SDWebImage/Core (5.11.1)
  - SwiftKeychainWrapper (4.0.1)
  - SwiftyJSON (5.0.1)

DEPENDENCIES:
  - Alamofire
  - RealmSwift
  - SDWebImage
  - SwiftKeychainWrapper
  - SwiftyJSON

SPEC REPOS:
  trunk:
    - Alamofire
    - Realm
    - RealmSwift
    - SDWebImage
    - SwiftKeychainWrapper
    - SwiftyJSON

SPEC CHECKSUMS:
  Alamofire: e447a2774a40c996748296fa2c55112fdbbc42f9
  Realm: 8010af8b7a576ba501729bcbc54a3cd1f1f7dca3
  RealmSwift: dc17e6d649c12a8996f9e962c3fe6cef356885c4
  SDWebImage: a7f831e1a65eb5e285e3fb046a23fcfbf08e696d
  SwiftKeychainWrapper: 807ba1d63c33a7d0613288512399cd1eda1e470c
  SwiftyJSON: 2f33a42c6fbc52764d96f13368585094bfd8aa5e

PODFILE CHECKSUM: 8f3ae44cee20d7d621efe7df280479619a6ca51d

COCOAPODS: 1.10.1
